
Microsoft Visual Studio Solution File, Format Version 12.00
# Visual Studio Version 17
VisualStudioVersion = 17.6.33717.318
MinimumVisualStudioVersion = 10.0.40219.1
Project("{FAE04EC0-301F-11D3-BF4B-00C04F79EFBC}") = "Examen_Final", "Examen_Final.csproj", "{B5B8057A-6CC9-4CE6-9769-8FB53333C4C6}"
EndProject
Global
	GlobalSection(SolutionConfigurationPlatforms) = preSolution
		Debug|Any CPU = Debug|Any CPU
		Release|Any CPU = Release|Any CPU
	EndGlobalSection
	GlobalSection(ProjectConfigurationPlatforms) = postSolution
		{B5B8057A-6CC9-4CE6-9769-8FB53333C4C6}.Debug|Any CPU.ActiveCfg = Debug|Any CPU
		{B5B8057A-6CC9-4CE6-9769-8FB53333C4C6}.Debug|Any CPU.Build.0 = Debug|Any CPU
		{B5B8057A-6CC9-4CE6-9769-8FB53333C4C6}.Release|Any CPU.ActiveCfg = Release|Any CPU
		{B5B8057A-6CC9-4CE6-9769-8FB53333C4C6}.Release|Any CPU.Build.0 = Release|Any CPU
	EndGlobalSection
	GlobalSection(SolutionProperties) = preSolution
		HideSolutionNode = FALSE
	EndGlobalSection
	GlobalSection(ExtensibilityGlobals) = postSolution
		SolutionGuid = {A6A62C16-FB0E-45BE-8673-090B2E21C8C7}
	EndGlobalSection
EndGlobal
